
Microsoft Visual Studio Solution File, Format Version 12.00
# Visual Studio Version 17
VisualStudioVersion = 17.0.31903.59
MinimumVisualStudioVersion = 10.0.40219.1
Project("{FAE04EC0-301F-11D3-BF4B-00C04F79EFBC}") = "Day3Part1", "Day3Part1\Day3Part1.csproj", "{01E41653-2BB0-4582-BB1F-4789FE8E9518}"
EndProject
Project("{FAE04EC0-301F-11D3-BF4B-00C04F79EFBC}") = "Day3Part2", "Day3Part2\Day3Part2.csproj", "{EBBA1799-E205-44AE-AEFA-7E0BF5632F72}"
EndProject
Global
	GlobalSection(SolutionConfigurationPlatforms) = preSolution
		Debug|Any CPU = Debug|Any CPU
		Release|Any CPU = Release|Any CPU
	EndGlobalSection
	GlobalSection(SolutionProperties) = preSolution
		HideSolutionNode = FALSE
	EndGlobalSection
	GlobalSection(ProjectConfigurationPlatforms) = postSolution
		{01E41653-2BB0-4582-BB1F-4789FE8E9518}.Debug|Any CPU.ActiveCfg = Debug|Any CPU
		{01E41653-2BB0-4582-BB1F-4789FE8E9518}.Debug|Any CPU.Build.0 = Debug|Any CPU
		{01E41653-2BB0-4582-BB1F-4789FE8E9518}.Release|Any CPU.ActiveCfg = Release|Any CPU
		{01E41653-2BB0-4582-BB1F-4789FE8E9518}.Release|Any CPU.Build.0 = Release|Any CPU
		{EBBA1799-E205-44AE-AEFA-7E0BF5632F72}.Debug|Any CPU.ActiveCfg = Debug|Any CPU
		{EBBA1799-E205-44AE-AEFA-7E0BF5632F72}.Debug|Any CPU.Build.0 = Debug|Any CPU
		{EBBA1799-E205-44AE-AEFA-7E0BF5632F72}.Release|Any CPU.ActiveCfg = Release|Any CPU
		{EBBA1799-E205-44AE-AEFA-7E0BF5632F72}.Release|Any CPU.Build.0 = Release|Any CPU
	EndGlobalSection
EndGlobal
